
Microsoft Visual Studio Solution File, Format Version 12.00
# Visual Studio Version 16
VisualStudioVersion = 16.0.31911.196
MinimumVisualStudioVersion = 10.0.40219.1
Project("{FAE04EC0-301F-11D3-BF4B-00C04F79EFBC}") = "lab01", "lab1\lab01.csproj", "{B14D2166-6A24-45EA-B853-E2A0A532D8CA}"
EndProject
Project("{FAE04EC0-301F-11D3-BF4B-00C04F79EFBC}") = "lab02", "lab2\lab02.csproj", "{6CD13D91-64C7-47F9-8684-73A45FB52182}"
EndProject
Project("{FAE04EC0-301F-11D3-BF4B-00C04F79EFBC}") = "lab03", "lab3\lab03.csproj", "{FF27D615-4718-4AF0-8FF7-8C248944BEB3}"
EndProject
Project("{FAE04EC0-301F-11D3-BF4B-00C04F79EFBC}") = "lab04", "lab4\lab04.csproj", "{90A74F86-D412-43F9-A00C-9488A756D633}"
EndProject
Project("{FAE04EC0-301F-11D3-BF4B-00C04F79EFBC}") = "lab05", "lab5\lab05.csproj", "{690CA6C5-2A4D-47EB-8DEA-E1A14256F270}"
EndProject
Project("{FAE04EC0-301F-11D3-BF4B-00C04F79EFBC}") = "lab06", "lab6\lab06.csproj", "{1CFE713F-658B-4167-BC42-8860A94F1F24}"
EndProject
Project("{FAE04EC0-301F-11D3-BF4B-00C04F79EFBC}") = "lab07", "lab7\lab07.csproj", "{7BC8654F-3135-467E-87CB-B59D8FA84150}"
EndProject
Project("{FAE04EC0-301F-11D3-BF4B-00C04F79EFBC}") = "lab08", "lab8\lab08.csproj", "{3D07E5AC-E9F4-4182-8FF1-29AF581D2963}"
EndProject
Project("{FAE04EC0-301F-11D3-BF4B-00C04F79EFBC}") = "lab09", "lab9\lab09.csproj", "{2C22DAB6-778F-4446-9CE6-0ACFB7F7C5A3}"
EndProject
Project("{FAE04EC0-301F-11D3-BF4B-00C04F79EFBC}") = "lab10", "lab10\lab10.csproj", "{09C985FF-A317-48FA-9133-A100DA93610F}"
EndProject
Project("{FAE04EC0-301F-11D3-BF4B-00C04F79EFBC}") = "lab11", "lab11\lab11.csproj", "{9B04AE72-6C21-4270-BA41-009825F4CF1D}"
EndProject
Project("{FAE04EC0-301F-11D3-BF4B-00C04F79EFBC}") = "lab12", "lab12\lab12.csproj", "{F131CA76-2C58-49AD-976D-0272EC38D601}"
EndProject
Project("{FAE04EC0-301F-11D3-BF4B-00C04F79EFBC}") = "lab13", "lab13\lab13.csproj", "{F895744C-FC7B-4535-B7B8-637D2C5C3745}"
EndProject
Project("{FAE04EC0-301F-11D3-BF4B-00C04F79EFBC}") = "lab14", "lab14\lab14.csproj", "{866442D9-5711-414B-9935-CBCF918B8317}"
EndProject
Project("{FAE04EC0-301F-11D3-BF4B-00C04F79EFBC}") = "winFormsLab", "winFormsLab\winFormsLab.csproj", "{57E7FBCF-3A76-4B0F-A38E-DC2EA0E47970}"
EndProject
Project("{FAE04EC0-301F-11D3-BF4B-00C04F79EFBC}") = "lab ta 4", "lab ta 4\lab ta 4.csproj", "{FB41E5FF-1D73-43AD-8238-D7D304475CDA}"
EndProject
Project("{FAE04EC0-301F-11D3-BF4B-00C04F79EFBC}") = "lab ta 5", "lab ta 5\lab ta 5.csproj", "{B77EBC3D-AEB2-43D2-8B22-F404E9184ED5}"
EndProject
Project("{FAE04EC0-301F-11D3-BF4B-00C04F79EFBC}") = "lab ta 6", "lab ta 6\lab ta 6.csproj", "{84F779A6-5089-4C0A-99E2-DD7C1E6BDB6E}"
EndProject
Project("{FAE04EC0-301F-11D3-BF4B-00C04F79EFBC}") = "lab ta 7", "lab ta 7\lab ta 7.csproj", "{F931059D-89AB-48AF-BB89-E566EE62B316}"
EndProject
Global
	GlobalSection(SolutionConfigurationPlatforms) = preSolution
		Debug|Any CPU = Debug|Any CPU
		Release|Any CPU = Release|Any CPU
	EndGlobalSection
	GlobalSection(ProjectConfigurationPlatforms) = postSolution
		{B14D2166-6A24-45EA-B853-E2A0A532D8CA}.Debug|Any CPU.ActiveCfg = Debug|Any CPU
		{B14D2166-6A24-45EA-B853-E2A0A532D8CA}.Debug|Any CPU.Build.0 = Debug|Any CPU
		{B14D2166-6A24-45EA-B853-E2A0A532D8CA}.Release|Any CPU.ActiveCfg = Release|Any CPU
		{B14D2166-6A24-45EA-B853-E2A0A532D8CA}.Release|Any CPU.Build.0 = Release|Any CPU
		{6CD13D91-64C7-47F9-8684-73A45FB52182}.Debug|Any CPU.ActiveCfg = Debug|Any CPU
		{6CD13D91-64C7-47F9-8684-73A45FB52182}.Debug|Any CPU.Build.0 = Debug|Any CPU
		{6CD13D91-64C7-47F9-8684-73A45FB52182}.Release|Any CPU.ActiveCfg = Release|Any CPU
		{6CD13D91-64C7-47F9-8684-73A45FB52182}.Release|Any CPU.Build.0 = Release|Any CPU
		{FF27D615-4718-4AF0-8FF7-8C248944BEB3}.Debug|Any CPU.ActiveCfg = Debug|Any CPU
		{FF27D615-4718-4AF0-8FF7-8C248944BEB3}.Debug|Any CPU.Build.0 = Debug|Any CPU
		{FF27D615-4718-4AF0-8FF7-8C248944BEB3}.Release|Any CPU.ActiveCfg = Release|Any CPU
		{FF27D615-4718-4AF0-8FF7-8C248944BEB3}.Release|Any CPU.Build.0 = Release|Any CPU
		{90A74F86-D412-43F9-A00C-9488A756D633}.Debug|Any CPU.ActiveCfg = Debug|Any CPU
		{90A74F86-D412-43F9-A00C-9488A756D633}.Debug|Any CPU.Build.0 = Debug|Any CPU
		{90A74F86-D412-43F9-A00C-9488A756D633}.Release|Any CPU.ActiveCfg = Release|Any CPU
		{90A74F86-D412-43F9-A00C-9488A756D633}.Release|Any CPU.Build.0 = Release|Any CPU
		{690CA6C5-2A4D-47EB-8DEA-E1A14256F270}.Debug|Any CPU.ActiveCfg = Debug|Any CPU
		{690CA6C5-2A4D-47EB-8DEA-E1A14256F270}.Debug|Any CPU.Build.0 = Debug|Any CPU
		{690CA6C5-2A4D-47EB-8DEA-E1A14256F270}.Release|Any CPU.ActiveCfg = Release|Any CPU
		{690CA6C5-2A4D-47EB-8DEA-E1A14256F270}.Release|Any CPU.Build.0 = Release|Any CPU
		{1CFE713F-658B-4167-BC42-8860A94F1F24}.Debug|Any CPU.ActiveCfg = Debug|Any CPU
		{1CFE713F-658B-4167-BC42-8860A94F1F24}.Debug|Any CPU.Build.0 = Debug|Any CPU
		{1CFE713F-658B-4167-BC42-8860A94F1F24}.Release|Any CPU.ActiveCfg = Release|Any CPU
		{1CFE713F-658B-4167-BC42-8860A94F1F24}.Release|Any CPU.Build.0 = Release|Any CPU
		{7BC8654F-3135-467E-87CB-B59D8FA84150}.Debug|Any CPU.ActiveCfg = Debug|Any CPU
		{7BC8654F-3135-467E-87CB-B59D8FA84150}.Debug|Any CPU.Build.0 = Debug|Any CPU
		{7BC8654F-3135-467E-87CB-B59D8FA84150}.Release|Any CPU.ActiveCfg = Release|Any CPU
		{7BC8654F-3135-467E-87CB-B59D8FA84150}.Release|Any CPU.Build.0 = Release|Any CPU
		{3D07E5AC-E9F4-4182-8FF1-29AF581D2963}.Debug|Any CPU.ActiveCfg = Debug|Any CPU
		{3D07E5AC-E9F4-4182-8FF1-29AF581D2963}.Debug|Any CPU.Build.0 = Debug|Any CPU
		{3D07E5AC-E9F4-4182-8FF1-29AF581D2963}.Release|Any CPU.ActiveCfg = Release|Any CPU
		{3D07E5AC-E9F4-4182-8FF1-29AF581D2963}.Release|Any CPU.Build.0 = Release|Any CPU
		{2C22DAB6-778F-4446-9CE6-0ACFB7F7C5A3}.Debug|Any CPU.ActiveCfg = Debug|Any CPU
		{2C22DAB6-778F-4446-9CE6-0ACFB7F7C5A3}.Debug|Any CPU.Build.0 = Debug|Any CPU
		{2C22DAB6-778F-4446-9CE6-0ACFB7F7C5A3}.Release|Any CPU.ActiveCfg = Release|Any CPU
		{2C22DAB6-778F-4446-9CE6-0ACFB7F7C5A3}.Release|Any CPU.Build.0 = Release|Any CPU
		{09C985FF-A317-48FA-9133-A100DA93610F}.Debug|Any CPU.ActiveCfg = Debug|Any CPU
		{09C985FF-A317-48FA-9133-A100DA93610F}.Debug|Any CPU.Build.0 = Debug|Any CPU
		{09C985FF-A317-48FA-9133-A100DA93610F}.Release|Any CPU.ActiveCfg = Release|Any CPU
		{09C985FF-A317-48FA-9133-A100DA93610F}.Release|Any CPU.Build.0 = Release|Any CPU
		{9B04AE72-6C21-4270-BA41-009825F4CF1D}.Debug|Any CPU.ActiveCfg = Debug|Any CPU
		{9B04AE72-6C21-4270-BA41-009825F4CF1D}.Debug|Any CPU.Build.0 = Debug|Any CPU
		{9B04AE72-6C21-4270-BA41-009825F4CF1D}.Release|Any CPU.ActiveCfg = Release|Any CPU
		{9B04AE72-6C21-4270-BA41-009825F4CF1D}.Release|Any CPU.Build.0 = Release|Any CPU
		{F131CA76-2C58-49AD-976D-0272EC38D601}.Debug|Any CPU.ActiveCfg = Debug|Any CPU
		{F131CA76-2C58-49AD-976D-0272EC38D601}.Debug|Any CPU.Build.0 = Debug|Any CPU
		{F131CA76-2C58-49AD-976D-0272EC38D601}.Release|Any CPU.ActiveCfg = Release|Any CPU
		{F131CA76-2C58-49AD-976D-0272EC38D601}.Release|Any CPU.Build.0 = Release|Any CPU
		{F895744C-FC7B-4535-B7B8-637D2C5C3745}.Debug|Any CPU.ActiveCfg = Debug|Any CPU
		{F895744C-FC7B-4535-B7B8-637D2C5C3745}.Debug|Any CPU.Build.0 = Debug|Any CPU
		{F895744C-FC7B-4535-B7B8-637D2C5C3745}.Release|Any CPU.ActiveCfg = Release|Any CPU
		{F895744C-FC7B-4535-B7B8-637D2C5C3745}.Release|Any CPU.Build.0 = Release|Any CPU
		{866442D9-5711-414B-9935-CBCF918B8317}.Debug|Any CPU.ActiveCfg = Debug|Any CPU
		{866442D9-5711-414B-9935-CBCF918B8317}.Debug|Any CPU.Build.0 = Debug|Any CPU
		{866442D9-5711-414B-9935-CBCF918B8317}.Release|Any CPU.ActiveCfg = Release|Any CPU
		{866442D9-5711-414B-9935-CBCF918B8317}.Release|Any CPU.Build.0 = Release|Any CPU
		{57E7FBCF-3A76-4B0F-A38E-DC2EA0E47970}.Debug|Any CPU.ActiveCfg = Debug|Any CPU
		{57E7FBCF-3A76-4B0F-A38E-DC2EA0E47970}.Debug|Any CPU.Build.0 = Debug|Any CPU
		{57E7FBCF-3A76-4B0F-A38E-DC2EA0E47970}.Release|Any CPU.ActiveCfg = Release|Any CPU
		{57E7FBCF-3A76-4B0F-A38E-DC2EA0E47970}.Release|Any CPU.Build.0 = Release|Any CPU
		{FB41E5FF-1D73-43AD-8238-D7D304475CDA}.Debug|Any CPU.ActiveCfg = Debug|Any CPU
		{FB41E5FF-1D73-43AD-8238-D7D304475CDA}.Debug|Any CPU.Build.0 = Debug|Any CPU
		{FB41E5FF-1D73-43AD-8238-D7D304475CDA}.Release|Any CPU.ActiveCfg = Release|Any CPU
		{FB41E5FF-1D73-43AD-8238-D7D304475CDA}.Release|Any CPU.Build.0 = Release|Any CPU
		{B77EBC3D-AEB2-43D2-8B22-F404E9184ED5}.Debug|Any CPU.ActiveCfg = Debug|Any CPU
		{B77EBC3D-AEB2-43D2-8B22-F404E9184ED5}.Debug|Any CPU.Build.0 = Debug|Any CPU
		{B77EBC3D-AEB2-43D2-8B22-F404E9184ED5}.Release|Any CPU.ActiveCfg = Release|Any CPU
		{B77EBC3D-AEB2-43D2-8B22-F404E9184ED5}.Release|Any CPU.Build.0 = Release|Any CPU
		{84F779A6-5089-4C0A-99E2-DD7C1E6BDB6E}.Debug|Any CPU.ActiveCfg = Debug|Any CPU
		{84F779A6-5089-4C0A-99E2-DD7C1E6BDB6E}.Debug|Any CPU.Build.0 = Debug|Any CPU
		{84F779A6-5089-4C0A-99E2-DD7C1E6BDB6E}.Release|Any CPU.ActiveCfg = Release|Any CPU
		{84F779A6-5089-4C0A-99E2-DD7C1E6BDB6E}.Release|Any CPU.Build.0 = Release|Any CPU
		{F931059D-89AB-48AF-BB89-E566EE62B316}.Debug|Any CPU.ActiveCfg = Debug|Any CPU
		{F931059D-89AB-48AF-BB89-E566EE62B316}.Debug|Any CPU.Build.0 = Debug|Any CPU
		{F931059D-89AB-48AF-BB89-E566EE62B316}.Release|Any CPU.ActiveCfg = Release|Any CPU
		{F931059D-89AB-48AF-BB89-E566EE62B316}.Release|Any CPU.Build.0 = Release|Any CPU
	EndGlobalSection
	GlobalSection(SolutionProperties) = preSolution
		HideSolutionNode = FALSE
	EndGlobalSection
	GlobalSection(ExtensibilityGlobals) = postSolution
		SolutionGuid = {DED02099-D8BA-4C6A-8175-4EF8957604EF}
	EndGlobalSection
EndGlobal
